
Microsoft Visual Studio Solution File, Format Version 12.00
# Visual Studio Version 17
VisualStudioVersion = 17.9.34723.18
MinimumVisualStudioVersion = 10.0.40219.1
Project("{9A19103F-16F7-4668-BE54-9A1E7A4F7556}") = "logsmith", "logsmith.csproj", "{18B752F4-369D-43ED-AA3A-21089901F475}"
EndProject
Global
	GlobalSection(SolutionConfigurationPlatforms) = preSolution
		Debug|Any CPU = Debug|Any CPU
		Release|Any CPU = Release|Any CPU
	EndGlobalSection
	GlobalSection(ProjectConfigurationPlatforms) = postSolution
		{18B752F4-369D-43ED-AA3A-21089901F475}.Debug|Any CPU.ActiveCfg = Debug|Any CPU
		{18B752F4-369D-43ED-AA3A-21089901F475}.Debug|Any CPU.Build.0 = Debug|Any CPU
		{18B752F4-369D-43ED-AA3A-21089901F475}.Release|Any CPU.ActiveCfg = Release|Any CPU
		{18B752F4-369D-43ED-AA3A-21089901F475}.Release|Any CPU.Build.0 = Release|Any CPU
	EndGlobalSection
	GlobalSection(SolutionProperties) = preSolution
		HideSolutionNode = FALSE
	EndGlobalSection
	GlobalSection(ExtensibilityGlobals) = postSolution
		SolutionGuid = {E63313B8-D5CD-44B9-910E-EFF8263FDB00}
	EndGlobalSection
EndGlobal
